// !$*UTF8*$!
{
	archiveVersion = 1;
	classes = {
	};
	objectVersion = 48;
	objects = {

/* Begin PBXBuildFile section */
		0954DBA72021D8940050B1BE /* ViewModel.swift in Sources */ = {isa = PBXBuildFile; fileRef = 0954DBA62021D8940050B1BE /* ViewModel.swift */; };
		2353248520221025005DD3E1 /* CombinestagramViewController.swift in Sources */ = {isa = PBXBuildFile; fileRef = 2353248420221025005DD3E1 /* CombinestagramViewController.swift */; };
		2353248B20221077005DD3E1 /* CombinestagramViewModel.swift in Sources */ = {isa = PBXBuildFile; fileRef = 2353248A20221077005DD3E1 /* CombinestagramViewModel.swift */; };
		2353248D20221080005DD3E1 /* CombinestagramModel.swift in Sources */ = {isa = PBXBuildFile; fileRef = 2353248C20221080005DD3E1 /* CombinestagramModel.swift */; };
		2353248F2022108E005DD3E1 /* Combinestagram.storyboard in Resources */ = {isa = PBXBuildFile; fileRef = 2353248E2022108E005DD3E1 /* Combinestagram.storyboard */; };
		239FD214200D0E9E0027E659 /* AppDelegate.swift in Sources */ = {isa = PBXBuildFile; fileRef = 239FD213200D0E9E0027E659 /* AppDelegate.swift */; };
		239FD216200D0E9E0027E659 /* ViewController.swift in Sources */ = {isa = PBXBuildFile; fileRef = 239FD215200D0E9E0027E659 /* ViewController.swift */; };
		239FD219200D0E9E0027E659 /* Main.storyboard in Resources */ = {isa = PBXBuildFile; fileRef = 239FD217200D0E9E0027E659 /* Main.storyboard */; };
		239FD21C200D0E9E0027E659 /* RXSwift1_1.xcdatamodeld in Sources */ = {isa = PBXBuildFile; fileRef = 239FD21A200D0E9E0027E659 /* RXSwift1_1.xcdatamodeld */; };
		239FD21E200D0E9E0027E659 /* Assets.xcassets in Resources */ = {isa = PBXBuildFile; fileRef = 239FD21D200D0E9E0027E659 /* Assets.xcassets */; };
		239FD221200D0E9E0027E659 /* LaunchScreen.storyboard in Resources */ = {isa = PBXBuildFile; fileRef = 239FD21F200D0E9E0027E659 /* LaunchScreen.storyboard */; };
		9581B8F2190560FE360C439A /* Pods_RXSwift1_1.framework in Frameworks */ = {isa = PBXBuildFile; fileRef = 535F919297176C0DFEED13C9 /* Pods_RXSwift1_1.framework */; };
/* End PBXBuildFile section */

/* Begin PBXFileReference section */
		0954DBA62021D8940050B1BE /* ViewModel.swift */ = {isa = PBXFileReference; lastKnownFileType = sourcecode.swift; path = ViewModel.swift; sourceTree = "<group>"; };
		2353248420221025005DD3E1 /* CombinestagramViewController.swift */ = {isa = PBXFileReference; lastKnownFileType = sourcecode.swift; path = CombinestagramViewController.swift; sourceTree = "<group>"; };
		2353248A20221077005DD3E1 /* CombinestagramViewModel.swift */ = {isa = PBXFileReference; lastKnownFileType = sourcecode.swift; path = CombinestagramViewModel.swift; sourceTree = "<group>"; };
		2353248C20221080005DD3E1 /* CombinestagramModel.swift */ = {isa = PBXFileReference; lastKnownFileType = sourcecode.swift; path = CombinestagramModel.swift; sourceTree = "<group>"; };
		2353248E2022108E005DD3E1 /* Combinestagram.storyboard */ = {isa = PBXFileReference; lastKnownFileType = file.storyboard; path = Combinestagram.storyboard; sourceTree = "<group>"; };
		239FD210200D0E9E0027E659 /* RXSwift1.1.app */ = {isa = PBXFileReference; explicitFileType = wrapper.application; includeInIndex = 0; path = RXSwift1.1.app; sourceTree = BUILT_PRODUCTS_DIR; };
		239FD213200D0E9E0027E659 /* AppDelegate.swift */ = {isa = PBXFileReference; lastKnownFileType = sourcecode.swift; path = AppDelegate.swift; sourceTree = "<group>"; };
		239FD215200D0E9E0027E659 /* ViewController.swift */ = {isa = PBXFileReference; lastKnownFileType = sourcecode.swift; path = ViewController.swift; sourceTree = "<group>"; };
		239FD218200D0E9E0027E659 /* Base */ = {isa = PBXFileReference; lastKnownFileType = file.storyboard; name = Base; path = Base.lproj/Main.storyboard; sourceTree = "<group>"; };
		239FD21B200D0E9E0027E659 /* RXSwift1_1.xcdatamodel */ = {isa = PBXFileReference; lastKnownFileType = wrapper.xcdatamodel; path = RXSwift1_1.xcdatamodel; sourceTree = "<group>"; };
		239FD21D200D0E9E0027E659 /* Assets.xcassets */ = {isa = PBXFileReference; lastKnownFileType = folder.assetcatalog; path = Assets.xcassets; sourceTree = "<group>"; };
		239FD220200D0E9E0027E659 /* Base */ = {isa = PBXFileReference; lastKnownFileType = file.storyboard; name = Base; path = Base.lproj/LaunchScreen.storyboard; sourceTree = "<group>"; };
		239FD222200D0E9E0027E659 /* Info.plist */ = {isa = PBXFileReference; lastKnownFileType = text.plist.xml; path = Info.plist; sourceTree = "<group>"; };
		535F919297176C0DFEED13C9 /* Pods_RXSwift1_1.framework */ = {isa = PBXFileReference; explicitFileType = wrapper.framework; includeInIndex = 0; path = Pods_RXSwift1_1.framework; sourceTree = BUILT_PRODUCTS_DIR; };
		5F3DEA199EE3191AEE350E63 /* Pods-RXSwift1.1.debug.xcconfig */ = {isa = PBXFileReference; includeInIndex = 1; lastKnownFileType = text.xcconfig; name = "Pods-RXSwift1.1.debug.xcconfig"; path = "Pods/Target Support Files/Pods-RXSwift1.1/Pods-RXSwift1.1.debug.xcconfig"; sourceTree = "<group>"; };
		9856D9A7FE0BD5414D160D2D /* Pods-RXSwift1.1.release.xcconfig */ = {isa = PBXFileReference; includeInIndex = 1; lastKnownFileType = text.xcconfig; name = "Pods-RXSwift1.1.release.xcconfig"; path = "Pods/Target Support Files/Pods-RXSwift1.1/Pods-RXSwift1.1.release.xcconfig"; sourceTree = "<group>"; };
/* End PBXFileReference section */

/* Begin PBXFrameworksBuildPhase section */
		239FD20D200D0E9E0027E659 /* Frameworks */ = {
			isa = PBXFrameworksBuildPhase;
			buildActionMask = 2147483647;
			files = (
				9581B8F2190560FE360C439A /* Pods_RXSwift1_1.framework in Frameworks */,
			);
			runOnlyForDeploymentPostprocessing = 0;
		};
/* End PBXFrameworksBuildPhase section */

/* Begin PBXGroup section */
		0B42FB0A0CB2A42E86A29990 /* Frameworks */ = {
			isa = PBXGroup;
			children = (
				535F919297176C0DFEED13C9 /* Pods_RXSwift1_1.framework */,
			);
			name = Frameworks;
			sourceTree = "<group>";
		};
		2353248320220FC9005DD3E1 /* Combinestagram */ = {
			isa = PBXGroup;
			children = (
				2353248920221048005DD3E1 /* Controller */,
				235324882022103F005DD3E1 /* ViewModel */,
				2353248720221038005DD3E1 /* View */,
				2353248620221030005DD3E1 /* Model */,
			);
			path = Combinestagram;
			sourceTree = "<group>";
		};
		2353248620221030005DD3E1 /* Model */ = {
			isa = PBXGroup;
			children = (
				2353248C20221080005DD3E1 /* CombinestagramModel.swift */,
			);
			path = Model;
			sourceTree = "<group>";
		};
		2353248720221038005DD3E1 /* View */ = {
			isa = PBXGroup;
			children = (
				2353248E2022108E005DD3E1 /* Combinestagram.storyboard */,
			);
			path = View;
			sourceTree = "<group>";
		};
		235324882022103F005DD3E1 /* ViewModel */ = {
			isa = PBXGroup;
			children = (
				2353248A20221077005DD3E1 /* CombinestagramViewModel.swift */,
			);
			path = ViewModel;
			sourceTree = "<group>";
		};
		2353248920221048005DD3E1 /* Controller */ = {
			isa = PBXGroup;
			children = (
				2353248420221025005DD3E1 /* CombinestagramViewController.swift */,
			);
			path = Controller;
			sourceTree = "<group>";
		};
		239FD207200D0E9E0027E659 = {
			isa = PBXGroup;
			children = (
				239FD212200D0E9E0027E659 /* RXSwift1.1 */,
				239FD211200D0E9E0027E659 /* Products */,
				4F8FABD283074F504EB88303 /* Pods */,
				0B42FB0A0CB2A42E86A29990 /* Frameworks */,
			);
			sourceTree = "<group>";
		};
		239FD211200D0E9E0027E659 /* Products */ = {
			isa = PBXGroup;
			children = (
				239FD210200D0E9E0027E659 /* RXSwift1.1.app */,
			);
			name = Products;
			sourceTree = "<group>";
		};
		239FD212200D0E9E0027E659 /* RXSwift1.1 */ = {
			isa = PBXGroup;
			children = (
				2353248320220FC9005DD3E1 /* Combinestagram */,
				239FD213200D0E9E0027E659 /* AppDelegate.swift */,
				239FD215200D0E9E0027E659 /* ViewController.swift */,
				0954DBA62021D8940050B1BE /* ViewModel.swift */,
				239FD217200D0E9E0027E659 /* Main.storyboard */,
				239FD21D200D0E9E0027E659 /* Assets.xcassets */,
				239FD21F200D0E9E0027E659 /* LaunchScreen.storyboard */,
				239FD222200D0E9E0027E659 /* Info.plist */,
				239FD21A200D0E9E0027E659 /* RXSwift1_1.xcdatamodeld */,
			);
			path = RXSwift1.1;
			sourceTree = "<group>";
		};
		4F8FABD283074F504EB88303 /* Pods */ = {
			isa = PBXGroup;
			children = (
				5F3DEA199EE3191AEE350E63 /* Pods-RXSwift1.1.debug.xcconfig */,
				9856D9A7FE0BD5414D160D2D /* Pods-RXSwift1.1.release.xcconfig */,
			);
			name = Pods;
			sourceTree = "<group>";
		};
/* End PBXGroup section */

/* Begin PBXNativeTarget section */
		239FD20F200D0E9E0027E659 /* RXSwift1.1 */ = {
			isa = PBXNativeTarget;
			buildConfigurationList = 239FD225200D0E9E0027E659 /* Build configuration list for PBXNativeTarget "RXSwift1.1" */;
			buildPhases = (
				A5251AD3F4A476A92604871E /* [CP] Check Pods Manifest.lock */,
				239FD20C200D0E9E0027E659 /* Sources */,
				239FD20D200D0E9E0027E659 /* Frameworks */,
				239FD20E200D0E9E0027E659 /* Resources */,
				3FA948E0F3A3078AC34E63EB /* [CP] Embed Pods Frameworks */,
				4E789C9C41633E24C3EA6C68 /* [CP] Copy Pods Resources */,
			);
			buildRules = (
			);
			dependencies = (
			);
			name = RXSwift1.1;
			productName = RXSwift1.1;
			productReference = 239FD210200D0E9E0027E659 /* RXSwift1.1.app */;
			productType = "com.apple.product-type.application";
		};
/* End PBXNativeTarget section */

/* Begin PBXProject section */
		239FD208200D0E9E0027E659 /* Project object */ = {
			isa = PBXProject;
			attributes = {
				LastSwiftUpdateCheck = 0900;
				LastUpgradeCheck = 0900;
				ORGANIZATIONNAME = "Saurabh Yadav";
				TargetAttributes = {
					239FD20F200D0E9E0027E659 = {
						CreatedOnToolsVersion = 9.0;
						ProvisioningStyle = Automatic;
					};
				};
			};
			buildConfigurationList = 239FD20B200D0E9E0027E659 /* Build configuration list for PBXProject "RXSwift1.1" */;
			compatibilityVersion = "Xcode 8.0";
			developmentRegion = en;
			hasScannedForEncodings = 0;
			knownRegions = (
				en,
				Base,
			);
			mainGroup = 239FD207200D0E9E0027E659;
			productRefGroup = 239FD211200D0E9E0027E659 /* Products */;
			projectDirPath = "";
			projectRoot = "";
			targets = (
				239FD20F200D0E9E0027E659 /* RXSwift1.1 */,
			);
		};
/* End PBXProject section */

/* Begin PBXResourcesBuildPhase section */
		239FD20E200D0E9E0027E659 /* Resources */ = {
			isa = PBXResourcesBuildPhase;
			buildActionMask = 2147483647;
			files = (
				2353248F2022108E005DD3E1 /* Combinestagram.storyboard in Resources */,
				239FD221200D0E9E0027E659 /* LaunchScreen.storyboard in Resources */,
				239FD21E200D0E9E0027E659 /* Assets.xcassets in Resources */,
				239FD219200D0E9E0027E659 /* Main.storyboard in Resources */,
			);
			runOnlyForDeploymentPostprocessing = 0;
		};
/* End PBXResourcesBuildPhase section */

/* Begin PBXShellScriptBuildPhase section */
		3FA948E0F3A3078AC34E63EB /* [CP] Embed Pods Frameworks */ = {
			isa = PBXShellScriptBuildPhase;
			buildActionMask = 2147483647;
			files = (
			);
			inputPaths = (
			);
			name = "[CP] Embed Pods Frameworks";
			outputPaths = (
			);
			runOnlyForDeploymentPostprocessing = 0;
			shellPath = /bin/sh;
			shellScript = "\"${SRCROOT}/Pods/Target Support Files/Pods-RXSwift1.1/Pods-RXSwift1.1-frameworks.sh\"\n";
			showEnvVarsInLog = 0;
		};
		4E789C9C41633E24C3EA6C68 /* [CP] Copy Pods Resources */ = {
			isa = PBXShellScriptBuildPhase;
			buildActionMask = 2147483647;
			files = (
			);
			inputPaths = (
			);
			name = "[CP] Copy Pods Resources";
			outputPaths = (
			);
			runOnlyForDeploymentPostprocessing = 0;
			shellPath = /bin/sh;
			shellScript = "\"${SRCROOT}/Pods/Target Support Files/Pods-RXSwift1.1/Pods-RXSwift1.1-resources.sh\"\n";
			showEnvVarsInLog = 0;
		};
		A5251AD3F4A476A92604871E /* [CP] Check Pods Manifest.lock */ = {
			isa = PBXShellScriptBuildPhase;
			buildActionMask = 2147483647;
			files = (
			);
			inputPaths = (
			);
			name = "[CP] Check Pods Manifest.lock";
			outputPaths = (
			);
			runOnlyForDeploymentPostprocessing = 0;
			shellPath = /bin/sh;
			shellScript = "diff \"${PODS_PODFILE_DIR_PATH}/Podfile.lock\" \"${PODS_ROOT}/Manifest.lock\" > /dev/null\nif [ $? != 0 ] ; then\n    # print error to STDERR\n    echo \"error: The sandbox is not in sync with the Podfile.lock. Run 'pod install' or update your CocoaPods installation.\" >&2\n    exit 1\nfi\n";
			showEnvVarsInLog = 0;
		};
/* End PBXShellScriptBuildPhase section */

/* Begin PBXSourcesBuildPhase section */
		239FD20C200D0E9E0027E659 /* Sources */ = {
			isa = PBXSourcesBuildPhase;
			buildActionMask = 2147483647;
			files = (
				239FD216200D0E9E0027E659 /* ViewController.swift in Sources */,
				2353248520221025005DD3E1 /* CombinestagramViewController.swift in Sources */,
				2353248D20221080005DD3E1 /* CombinestagramModel.swift in Sources */,
				239FD214200D0E9E0027E659 /* AppDelegate.swift in Sources */,
				0954DBA72021D8940050B1BE /* ViewModel.swift in Sources */,
				2353248B20221077005DD3E1 /* CombinestagramViewModel.swift in Sources */,
				239FD21C200D0E9E0027E659 /* RXSwift1_1.xcdatamodeld in Sources */,
			);
			runOnlyForDeploymentPostprocessing = 0;
		};
/* End PBXSourcesBuildPhase section */

/* Begin PBXVariantGroup section */
		239FD217200D0E9E0027E659 /* Main.storyboard */ = {
			isa = PBXVariantGroup;
			children = (
				239FD218200D0E9E0027E659 /* Base */,
			);
			name = Main.storyboard;
			sourceTree = "<group>";
		};
		239FD21F200D0E9E0027E659 /* LaunchScreen.storyboard */ = {
			isa = PBXVariantGroup;
			children = (
				239FD220200D0E9E0027E659 /* Base */,
			);
			name = LaunchScreen.storyboard;
			sourceTree = "<group>";
		};
/* End PBXVariantGroup section */

/* Begin XCBuildConfiguration section */
		239FD223200D0E9E0027E659 /* Debug */ = {
			isa = XCBuildConfiguration;
			buildSettings = {
				ALWAYS_SEARCH_USER_PATHS = NO;
				CLANG_ANALYZER_NONNULL = YES;
				CLANG_ANALYZER_NUMBER_OBJECT_CONVERSION = YES_AGGRESSIVE;
				CLANG_CXX_LANGUAGE_STANDARD = "gnu++14";
				CLANG_CXX_LIBRARY = "libc++";
				CLANG_ENABLE_MODULES = YES;
				CLANG_ENABLE_OBJC_ARC = YES;
				CLANG_WARN_BLOCK_CAPTURE_AUTORELEASING = YES;
				CLANG_WARN_BOOL_CONVERSION = YES;
				CLANG_WARN_COMMA = YES;
				CLANG_WARN_CONSTANT_CONVERSION = YES;
				CLANG_WARN_DIRECT_OBJC_ISA_USAGE = YES_ERROR;
				CLANG_WARN_DOCUMENTATION_COMMENTS = YES;
				CLANG_WARN_EMPTY_BODY = YES;
				CLANG_WARN_ENUM_CONVERSION = YES;
				CLANG_WARN_INFINITE_RECURSION = YES;
				CLANG_WARN_INT_CONVERSION = YES;
				CLANG_WARN_NON_LITERAL_NULL_CONVERSION = YES;
				CLANG_WARN_OBJC_LITERAL_CONVERSION = YES;
				CLANG_WARN_OBJC_ROOT_CLASS = YES_ERROR;
				CLANG_WARN_RANGE_LOOP_ANALYSIS = YES;
				CLANG_WARN_STRICT_PROTOTYPES = YES;
				CLANG_WARN_SUSPICIOUS_MOVE = YES;
				CLANG_WARN_UNGUARDED_AVAILABILITY = YES_AGGRESSIVE;
				CLANG_WARN_UNREACHABLE_CODE = YES;
				CLANG_WARN__DUPLICATE_METHOD_MATCH = YES;
				CODE_SIGN_IDENTITY = "iPhone Developer";
				COPY_PHASE_STRIP = NO;
				DEBUG_INFORMATION_FORMAT = dwarf;
				ENABLE_STRICT_OBJC_MSGSEND = YES;
				ENABLE_TESTABILITY = YES;
				GCC_C_LANGUAGE_STANDARD = gnu11;
				GCC_DYNAMIC_NO_PIC = NO;
				GCC_NO_COMMON_BLOCKS = YES;
				GCC_OPTIMIZATION_LEVEL = 0;
				GCC_PREPROCESSOR_DEFINITIONS = (
					"DEBUG=1",
					"$(inherited)",
				);
				GCC_WARN_64_TO_32_BIT_CONVERSION = YES;
				GCC_WARN_ABOUT_RETURN_TYPE = YES_ERROR;
				GCC_WARN_UNDECLARED_SELECTOR = YES;
				GCC_WARN_UNINITIALIZED_AUTOS = YES_AGGRESSIVE;
				GCC_WARN_UNUSED_FUNCTION = YES;
				GCC_WARN_UNUSED_VARIABLE = YES;
				IPHONEOS_DEPLOYMENT_TARGET = 11.0;
				MTL_ENABLE_DEBUG_INFO = YES;
				ONLY_ACTIVE_ARCH = YES;
				SDKROOT = iphoneos;
				SWIFT_ACTIVE_COMPILATION_CONDITIONS = DEBUG;
				SWIFT_OPTIMIZATION_LEVEL = "-Onone";
			};
			name = Debug;
		};
		239FD224200D0E9E0027E659 /* Release */ = {
			isa = XCBuildConfiguration;
			buildSettings = {
				ALWAYS_SEARCH_USER_PATHS = NO;
				CLANG_ANALYZER_NONNULL = YES;
				CLANG_ANALYZER_NUMBER_OBJECT_CONVERSION = YES_AGGRESSIVE;
				CLANG_CXX_LANGUAGE_STANDARD = "gnu++14";
				CLANG_CXX_LIBRARY = "libc++";
				CLANG_ENABLE_MODULES = YES;
				CLANG_ENABLE_OBJC_ARC = YES;
				CLANG_WARN_BLOCK_CAPTURE_AUTORELEASING = YES;
				CLANG_WARN_BOOL_CONVERSION = YES;
				CLANG_WARN_COMMA = YES;
				CLANG_WARN_CONSTANT_CONVERSION = YES;
				CLANG_WARN_DIRECT_OBJC_ISA_USAGE = YES_ERROR;
				CLANG_WARN_DOCUMENTATION_COMMENTS = YES;
				CLANG_WARN_EMPTY_BODY = YES;
				CLANG_WARN_ENUM_CONVERSION = YES;
				CLANG_WARN_INFINITE_RECURSION = YES;
				CLANG_WARN_INT_CONVERSION = YES;
				CLANG_WARN_NON_LITERAL_NULL_CONVERSION = YES;
				CLANG_WARN_OBJC_LITERAL_CONVERSION = YES;
				CLANG_WARN_OBJC_ROOT_CLASS = YES_ERROR;
				CLANG_WARN_RANGE_LOOP_ANALYSIS = YES;
				CLANG_WARN_STRICT_PROTOTYPES = YES;
				CLANG_WARN_SUSPICIOUS_MOVE = YES;
				CLANG_WARN_UNGUARDED_AVAILABILITY = YES_AGGRESSIVE;
				CLANG_WARN_UNREACHABLE_CODE = YES;
				CLANG_WARN__DUPLICATE_METHOD_MATCH = YES;
				CODE_SIGN_IDENTITY = "iPhone Developer";
				COPY_PHASE_STRIP = NO;
				DEBUG_INFORMATION_FORMAT = "dwarf-with-dsym";
				ENABLE_NS_ASSERTIONS = NO;
				ENABLE_STRICT_OBJC_MSGSEND = YES;
				GCC_C_LANGUAGE_STANDARD = gnu11;
				GCC_NO_COMMON_BLOCKS = YES;
				GCC_WARN_64_TO_32_BIT_CONVERSION = YES;
				GCC_WARN_ABOUT_RETURN_TYPE = YES_ERROR;
				GCC_WARN_UNDECLARED_SELECTOR = YES;
				GCC_WARN_UNINITIALIZED_AUTOS = YES_AGGRESSIVE;
				GCC_WARN_UNUSED_FUNCTION = YES;
				GCC_WARN_UNUSED_VARIABLE = YES;
				IPHONEOS_DEPLOYMENT_TARGET = 11.0;
				MTL_ENABLE_DEBUG_INFO = NO;
				SDKROOT = iphoneos;
				SWIFT_OPTIMIZATION_LEVEL = "-Owholemodule";
				VALIDATE_PRODUCT = YES;
			};
			name = Release;
		};
		239FD226200D0E9E0027E659 /* Debug */ = {
			isa = XCBuildConfiguration;
			baseConfigurationReference = 5F3DEA199EE3191AEE350E63 /* Pods-RXSwift1.1.debug.xcconfig */;
			buildSettings = {
				ASSETCATALOG_COMPILER_APPICON_NAME = AppIcon;
				CODE_SIGN_STYLE = Automatic;
				INFOPLIST_FILE = RXSwift1.1/Info.plist;
				LD_RUNPATH_SEARCH_PATHS = "$(inherited) @executable_path/Frameworks";
				PRODUCT_BUNDLE_IDENTIFIER = "com.saurabh.RXSwift1-1";
				PRODUCT_NAME = "$(TARGET_NAME)";
				SWIFT_VERSION = 4.0;
				TARGETED_DEVICE_FAMILY = "1,2";
			};
			name = Debug;
		};
		239FD227200D0E9E0027E659 /* Release */ = {
			isa = XCBuildConfiguration;
			baseConfigurationReference = 9856D9A7FE0BD5414D160D2D /* Pods-RXSwift1.1.release.xcconfig */;
			buildSettings = {
				ASSETCATALOG_COMPILER_APPICON_NAME = AppIcon;
				CODE_SIGN_STYLE = Automatic;
				INFOPLIST_FILE = RXSwift1.1/Info.plist;
				LD_RUNPATH_SEARCH_PATHS = "$(inherited) @executable_path/Frameworks";
				PRODUCT_BUNDLE_IDENTIFIER = "com.saurabh.RXSwift1-1";
				PRODUCT_NAME = "$(TARGET_NAME)";
				SWIFT_VERSION = 4.0;
				TARGETED_DEVICE_FAMILY = "1,2";
			};
			name = Release;
		};
/* End XCBuildConfiguration section */

/* Begin XCConfigurationList section */
		239FD20B200D0E9E0027E659 /* Build configuration list for PBXProject "RXSwift1.1" */ = {
			isa = XCConfigurationList;
			buildConfigurations = (
				239FD223200D0E9E0027E659 /* Debug */,
				239FD224200D0E9E0027E659 /* Release */,
			);
			defaultConfigurationIsVisible = 0;
			defaultConfigurationName = Release;
		};
		239FD225200D0E9E0027E659 /* Build configuration list for PBXNativeTarget "RXSwift1.1" */ = {
			isa = XCConfigurationList;
			buildConfigurations = (
				239FD226200D0E9E0027E659 /* Debug */,
				239FD227200D0E9E0027E659 /* Release */,
			);
			defaultConfigurationIsVisible = 0;
			defaultConfigurationName = Release;
		};
/* End XCConfigurationList section */

/* Begin XCVersionGroup section */
		239FD21A200D0E9E0027E659 /* RXSwift1_1.xcdatamodeld */ = {
			isa = XCVersionGroup;
			children = (
				239FD21B200D0E9E0027E659 /* RXSwift1_1.xcdatamodel */,
			);
			currentVersion = 239FD21B200D0E9E0027E659 /* RXSwift1_1.xcdatamodel */;
			path = RXSwift1_1.xcdatamodeld;
			sourceTree = "<group>";
			versionGroupType = wrapper.xcdatamodel;
		};
/* End XCVersionGroup section */
	};
	rootObject = 239FD208200D0E9E0027E659 /* Project object */;
}
